{
  "requires": true,
  "lockfileVersion": 1,
  "dependencies": {
    "antd-img-crop": {
      "version": "4.2.3",
      "resolved": "https://registry.npmjs.org/antd-img-crop/-/antd-img-crop-4.2.3.tgz",
      "integrity": "sha512-YZgsUdfHnkBCOQ1sLXTwfVRgBdMRM//joddFnSlWe/QU52m8PPbBxtgt0YdEf+UTPXOAx6RQJp1gUjAmMU2knA==",
      "requires": {
        "react-easy-crop": "^4.1.5"
      }
    },
    "normalize-wheel": {
      "version": "1.0.1",
      "resolved": "https://registry.npmjs.org/normalize-wheel/-/normalize-wheel-1.0.1.tgz",
      "integrity": "sha1-rsiGr/2wRQcNhWRH32Ls+GFG7EU="
    },
    "react-easy-crop": {
      "version": "4.2.0",
      "resolved": "https://registry.npmjs.org/react-easy-crop/-/react-easy-crop-4.2.0.tgz",
      "integrity": "sha512-NJdeG6JPlOvXPNcQlmyEyjuseTiZVDa0M5X6BwTxSPR30MG3ROsSHKeGl5SQdI3TfmsoEgvl7MbM+AjFGj+faw==",
      "requires": {
        "normalize-wheel": "^1.0.1",
        "tslib": "2.0.1"
      }
    },
    "tslib": {
      "version": "2.0.1",
      "resolved": "https://registry.npmjs.org/tslib/-/tslib-2.0.1.tgz",
      "integrity": "sha512-SgIkNheinmEBgx1IUNirK0TUD4X9yjjBRTqqjggWCU3pUEqIk3/Uwl3yRixYKT6WjQuGiwDv4NomL3wqRCj+CQ=="
    }
  }
}
